{
  "version": 4,
  "terraform_version": "1.14.6",
  "serial": 20,
  "lineage": "4a65745a-4a8d-4208-a3dc-db928caa170e",
  "outputs": {
    "resource_group_name": {
      "value": "mindstack-rg",
      "type": "string"
    },
    "ssh_command": {
      "value": "ssh azureuser@52.237.113.220",
      "type": "string"
    },
    "vm_private_ip": {
      "value": "10.20.1.10",
      "type": "string"
    },
    "vm_public_ip": {
      "value": "52.237.113.220",
      "type": "string"
    }
  },
  "resources": [
    {
      "mode": "managed",
      "type": "azurerm_linux_virtual_machine",
      "name": "vm",
      "provider": "provider[\"registry.terraform.io/hashicorp/azurerm\"]",
      "instances": [
        {
          "schema_version": 0,
          "attributes": {
            "additional_capabilities": [],
            "admin_password": null,
            "admin_ssh_key": [
              {
                "public_key": "ssh-ed25519 AAAAC3NzaC1lZDI1NTE5AAAAID5c+WEpaC3YRbRVwxc0MEhrn07AvJPOAVYwsTTHh4nF azuread\\rabishek@DESKTOP-REO489C",
                "username": "azureuser"
              }
            ],
            "admin_username": "azureuser",
            "allow_extension_operations": true,
            "availability_set_id": "",
            "boot_diagnostics": [],
            "bypass_platform_safety_checks_on_user_schedule_enabled": false,
            "capacity_reservation_group_id": "",
            "computer_name": "mindstack-vm",
            "custom_data": "I2Nsb3VkLWNvbmZpZw0KcGFja2FnZV91cGRhdGU6IHRydWUNCnBhY2thZ2VzOg0KICAtIGRvY2tlci5pbw0KICAtIGRvY2tlci1jb21wb3NlLXBsdWdpbg0KcnVuY21kOg0KICAtIHN5c3RlbWN0bCBlbmFibGUgZG9ja2VyDQogIC0gc3lzdGVtY3RsIHN0YXJ0IGRvY2tlcg0K",
            "dedicated_host_group_id": "",
            "dedicated_host_id": "",
            "disable_password_authentication": true,
            "disk_controller_type": "SCSI",
            "edge_zone": "",
            "encryption_at_host_enabled": false,
            "eviction_policy": "",
            "extensions_time_budget": "PT1H30M",
            "gallery_application": [],
            "id": "/subscriptions/e8508bdb-52ff-492c-be57-07ff55c689b7/resourceGroups/mindstack-rg/providers/Microsoft.Compute/virtualMachines/mindstack-vm",
            "identity": [],
            "license_type": "",
            "location": "southeastasia",
            "max_bid_price": -1,
            "name": "mindstack-vm",
            "network_interface_ids": [
              "/subscriptions/e8508bdb-52ff-492c-be57-07ff55c689b7/resourceGroups/mindstack-rg/providers/Microsoft.Network/networkInterfaces/mindstack-nic"
            ],
            "os_disk": [
              {
                "caching": "ReadWrite",
                "diff_disk_settings": [],
                "disk_encryption_set_id": "",
                "disk_size_gb": 30,
                "id": "/subscriptions/e8508bdb-52ff-492c-be57-07ff55c689b7/resourceGroups/mindstack-rg/providers/Microsoft.Compute/disks/mindstack-vm_OsDisk_1_25656d2a53234fe4bb1b2a058b72e451",
                "name": "mindstack-vm_OsDisk_1_25656d2a53234fe4bb1b2a058b72e451",
                "secure_vm_disk_encryption_set_id": "",
                "security_encryption_type": "",
                "storage_account_type": "Standard_LRS",
                "write_accelerator_enabled": false
              }
            ],
            "os_image_notification": [],
            "os_managed_disk_id": "/subscriptions/e8508bdb-52ff-492c-be57-07ff55c689b7/resourceGroups/mindstack-rg/providers/Microsoft.Compute/disks/mindstack-vm_OsDisk_1_25656d2a53234fe4bb1b2a058b72e451",
            "patch_assessment_mode": "ImageDefault",
            "patch_mode": "ImageDefault",
            "plan": [],
            "platform_fault_domain": -1,
            "priority": "Regular",
            "private_ip_address": "10.20.1.10",
            "private_ip_addresses": [
              "10.20.1.10"
            ],
            "provision_vm_agent": true,
            "proximity_placement_group_id": "",
            "public_ip_address": "52.237.113.220",
            "public_ip_addresses": [
              "52.237.113.220"
            ],
            "reboot_setting": "",
            "resource_group_name": "mindstack-rg",
            "secret": [],
            "secure_boot_enabled": false,
            "size": "Standard_B2s_v2",
            "source_image_id": "",
            "source_image_reference": [
              {
                "offer": "0001-com-ubuntu-server-jammy",
                "publisher": "Canonical",
                "sku": "22_04-lts-gen2",
                "version": "latest"
              }
            ],
            "tags": null,
            "termination_notification": null,
            "timeouts": null,
            "user_data": "",
            "virtual_machine_id": "5ea7f1f5-3c74-4528-b19f-4bea503f8b8b",
            "virtual_machine_scale_set_id": "",
            "vm_agent_platform_updates_enabled": false,
            "vtpm_enabled": false,
            "zone": ""
          },
          "sensitive_attributes": [
            [
              {
                "type": "get_attr",
                "value": "admin_password"
              }
            ],
            [
              {
                "type": "get_attr",
                "value": "custom_data"
              }
            ]
          ],
          "identity_schema_version": 0,
          "private": "eyJlMmJmYjczMC1lY2FhLTExZTYtOGY4OC0zNDM2M2JjN2M0YzAiOnsiY3JlYXRlIjoyNzAwMDAwMDAwMDAwLCJkZWxldGUiOjI3MDAwMDAwMDAwMDAsInJlYWQiOjMwMDAwMDAwMDAwMCwidXBkYXRlIjoyNzAwMDAwMDAwMDAwfX0=",
          "dependencies": [
            "azurerm_network_interface.nic",
            "azurerm_public_ip.pip",
            "azurerm_resource_group.rg",
            "azurerm_subnet.subnet",
            "azurerm_virtual_network.vnet"
          ]
        }
      ]
    },
    {
      "mode": "managed",
      "type": "azurerm_network_interface",
      "name": "nic",
      "provider": "provider[\"registry.terraform.io/hashicorp/azurerm\"]",
      "instances": [
        {
          "schema_version": 0,
          "attributes": {
            "accelerated_networking_enabled": false,
            "applied_dns_servers": [],
            "auxiliary_mode": "",
            "auxiliary_sku": "",
            "dns_servers": [],
            "edge_zone": "",
            "id": "/subscriptions/e8508bdb-52ff-492c-be57-07ff55c689b7/resourceGroups/mindstack-rg/providers/Microsoft.Network/networkInterfaces/mindstack-nic",
            "internal_dns_name_label": "",
            "internal_domain_name_suffix": "gha0lhvfqq1utatqnklvz2lb4e.ix.internal.cloudapp.net",
            "ip_configuration": [
              {
                "gateway_load_balancer_frontend_ip_configuration_id": "",
                "name": "ipconfig1",
                "primary": true,
                "private_ip_address": "10.20.1.10",
                "private_ip_address_allocation": "Static",
                "private_ip_address_version": "IPv4",
                "public_ip_address_id": "/subscriptions/e8508bdb-52ff-492c-be57-07ff55c689b7/resourceGroups/mindstack-rg/providers/Microsoft.Network/publicIPAddresses/mindstack-pip",
                "subnet_id": "/subscriptions/e8508bdb-52ff-492c-be57-07ff55c689b7/resourceGroups/mindstack-rg/providers/Microsoft.Network/virtualNetworks/mindstack-vnet/subnets/mindstack-subnet"
              }
            ],
            "ip_forwarding_enabled": false,
            "location": "southeastasia",
            "mac_address": "",
            "name": "mindstack-nic",
            "private_ip_address": "10.20.1.10",
            "private_ip_addresses": [
              "10.20.1.10"
            ],
            "resource_group_name": "mindstack-rg",
            "tags": {},
            "timeouts": null,
            "virtual_machine_id": ""
          },
          "sensitive_attributes": [],
          "identity_schema_version": 0,
          "identity": {
            "name": "mindstack-nic",
            "resource_group_name": "mindstack-rg",
            "subscription_id": "e8508bdb-52ff-492c-be57-07ff55c689b7"
          },
          "private": "eyJlMmJmYjczMC1lY2FhLTExZTYtOGY4OC0zNDM2M2JjN2M0YzAiOnsiY3JlYXRlIjoxODAwMDAwMDAwMDAwLCJkZWxldGUiOjE4MDAwMDAwMDAwMDAsInJlYWQiOjMwMDAwMDAwMDAwMCwidXBkYXRlIjoxODAwMDAwMDAwMDAwfX0=",
          "dependencies": [
            "azurerm_public_ip.pip",
            "azurerm_resource_group.rg",
            "azurerm_subnet.subnet",
            "azurerm_virtual_network.vnet"
          ]
        }
      ]
    },
    {
      "mode": "managed",
      "type": "azurerm_network_interface_security_group_association",
      "name": "nsg_assoc",
      "provider": "provider[\"registry.terraform.io/hashicorp/azurerm\"]",
      "instances": [
        {
          "schema_version": 0,
          "attributes": {
            "id": "/subscriptions/e8508bdb-52ff-492c-be57-07ff55c689b7/resourceGroups/mindstack-rg/providers/Microsoft.Network/networkInterfaces/mindstack-nic|/subscriptions/e8508bdb-52ff-492c-be57-07ff55c689b7/resourceGroups/mindstack-rg/providers/Microsoft.Network/networkSecurityGroups/mindstack-nsg",
            "network_interface_id": "/subscriptions/e8508bdb-52ff-492c-be57-07ff55c689b7/resourceGroups/mindstack-rg/providers/Microsoft.Network/networkInterfaces/mindstack-nic",
            "network_security_group_id": "/subscriptions/e8508bdb-52ff-492c-be57-07ff55c689b7/resourceGroups/mindstack-rg/providers/Microsoft.Network/networkSecurityGroups/mindstack-nsg",
            "timeouts": null
          },
          "sensitive_attributes": [],
          "identity_schema_version": 0,
          "private": "eyJlMmJmYjczMC1lY2FhLTExZTYtOGY4OC0zNDM2M2JjN2M0YzAiOnsiY3JlYXRlIjoxODAwMDAwMDAwMDAwLCJkZWxldGUiOjE4MDAwMDAwMDAwMDAsInJlYWQiOjMwMDAwMDAwMDAwMH19",
          "dependencies": [
            "azurerm_network_interface.nic",
            "azurerm_network_security_group.nsg",
            "azurerm_public_ip.pip",
            "azurerm_resource_group.rg",
            "azurerm_subnet.subnet",
            "azurerm_virtual_network.vnet"
          ]
        }
      ]
    },
    {
      "mode": "managed",
      "type": "azurerm_network_security_group",
      "name": "nsg",
      "provider": "provider[\"registry.terraform.io/hashicorp/azurerm\"]",
      "instances": [
        {
          "schema_version": 0,
          "attributes": {
            "id": "/subscriptions/e8508bdb-52ff-492c-be57-07ff55c689b7/resourceGroups/mindstack-rg/providers/Microsoft.Network/networkSecurityGroups/mindstack-nsg",
            "location": "southeastasia",
            "name": "mindstack-nsg",
            "resource_group_name": "mindstack-rg",
            "security_rule": [
              {
                "access": "Allow",
                "description": "",
                "destination_address_prefix": "*",
                "destination_address_prefixes": [],
                "destination_application_security_group_ids": [],
                "destination_port_range": "22",
                "destination_port_ranges": [],
                "direction": "Inbound",
                "name": "allow-ssh",
                "priority": 100,
                "protocol": "Tcp",
                "source_address_prefix": "*",
                "source_address_prefixes": [],
                "source_application_security_group_ids": [],
                "source_port_range": "*",
                "source_port_ranges": []
              },
              {
                "access": "Allow",
                "description": "",
                "destination_address_prefix": "*",
                "destination_address_prefixes": [],
                "destination_application_security_group_ids": [],
                "destination_port_range": "443",
                "destination_port_ranges": [],
                "direction": "Inbound",
                "name": "allow-https",
                "priority": 120,
                "protocol": "Tcp",
                "source_address_prefix": "*",
                "source_address_prefixes": [],
                "source_application_security_group_ids": [],
                "source_port_range": "*",
                "source_port_ranges": []
              },
              {
                "access": "Allow",
                "description": "",
                "destination_address_prefix": "*",
                "destination_address_prefixes": [],
                "destination_application_security_group_ids": [],
                "destination_port_range": "80",
                "destination_port_ranges": [],
                "direction": "Inbound",
                "name": "allow-http",
                "priority": 110,
                "protocol": "Tcp",
                "source_address_prefix": "*",
                "source_address_prefixes": [],
                "source_application_security_group_ids": [],
                "source_port_range": "*",
                "source_port_ranges": []
              }
            ],
            "tags": {},
            "timeouts": null
          },
          "sensitive_attributes": [],
          "identity_schema_version": 0,
          "identity": {
            "name": "mindstack-nsg",
            "resource_group_name": "mindstack-rg",
            "subscription_id": "e8508bdb-52ff-492c-be57-07ff55c689b7"
          },
          "private": "eyJlMmJmYjczMC1lY2FhLTExZTYtOGY4OC0zNDM2M2JjN2M0YzAiOnsiY3JlYXRlIjoxODAwMDAwMDAwMDAwLCJkZWxldGUiOjE4MDAwMDAwMDAwMDAsInJlYWQiOjMwMDAwMDAwMDAwMCwidXBkYXRlIjoxODAwMDAwMDAwMDAwfX0=",
          "dependencies": [
            "azurerm_resource_group.rg"
          ]
        }
      ]
    },
    {
      "mode": "managed",
      "type": "azurerm_public_ip",
      "name": "pip",
      "provider": "provider[\"registry.terraform.io/hashicorp/azurerm\"]",
      "instances": [
        {
          "schema_version": 0,
          "attributes": {
            "allocation_method": "Static",
            "ddos_protection_mode": "VirtualNetworkInherited",
            "ddos_protection_plan_id": null,
            "domain_name_label": null,
            "domain_name_label_scope": null,
            "edge_zone": "",
            "fqdn": null,
            "id": "/subscriptions/e8508bdb-52ff-492c-be57-07ff55c689b7/resourceGroups/mindstack-rg/providers/Microsoft.Network/publicIPAddresses/mindstack-pip",
            "idle_timeout_in_minutes": 4,
            "ip_address": "52.237.113.220",
            "ip_tags": {},
            "ip_version": "IPv4",
            "location": "southeastasia",
            "name": "mindstack-pip",
            "public_ip_prefix_id": null,
            "resource_group_name": "mindstack-rg",
            "reverse_fqdn": null,
            "sku": "Standard",
            "sku_tier": "Regional",
            "tags": {},
            "timeouts": null,
            "zones": []
          },
          "sensitive_attributes": [],
          "identity_schema_version": 0,
          "identity": {
            "name": "mindstack-pip",
            "resource_group_name": "mindstack-rg",
            "subscription_id": "e8508bdb-52ff-492c-be57-07ff55c689b7"
          },
          "private": "eyJlMmJmYjczMC1lY2FhLTExZTYtOGY4OC0zNDM2M2JjN2M0YzAiOnsiY3JlYXRlIjoxODAwMDAwMDAwMDAwLCJkZWxldGUiOjE4MDAwMDAwMDAwMDAsInJlYWQiOjMwMDAwMDAwMDAwMCwidXBkYXRlIjoxODAwMDAwMDAwMDAwfX0=",
          "dependencies": [
            "azurerm_resource_group.rg"
          ]
        }
      ]
    },
    {
      "mode": "managed",
      "type": "azurerm_resource_group",
      "name": "rg",
      "provider": "provider[\"registry.terraform.io/hashicorp/azurerm\"]",
      "instances": [
        {
          "schema_version": 0,
          "attributes": {
            "id": "/subscriptions/e8508bdb-52ff-492c-be57-07ff55c689b7/resourceGroups/mindstack-rg",
            "location": "southeastasia",
            "managed_by": "",
            "name": "mindstack-rg",
            "tags": {},
            "timeouts": null
          },
          "sensitive_attributes": [],
          "identity_schema_version": 0,
          "identity": {
            "name": "mindstack-rg",
            "subscription_id": "e8508bdb-52ff-492c-be57-07ff55c689b7"
          },
          "private": "eyJlMmJmYjczMC1lY2FhLTExZTYtOGY4OC0zNDM2M2JjN2M0YzAiOnsiY3JlYXRlIjo1NDAwMDAwMDAwMDAwLCJkZWxldGUiOjU0MDAwMDAwMDAwMDAsInJlYWQiOjMwMDAwMDAwMDAwMCwidXBkYXRlIjo1NDAwMDAwMDAwMDAwfX0="
        }
      ]
    },
    {
      "mode": "managed",
      "type": "azurerm_subnet",
      "name": "subnet",
      "provider": "provider[\"registry.terraform.io/hashicorp/azurerm\"]",
      "instances": [
        {
          "schema_version": 0,
          "attributes": {
            "address_prefixes": [
              "10.20.1.0/24"
            ],
            "default_outbound_access_enabled": true,
            "delegation": [],
            "id": "/subscriptions/e8508bdb-52ff-492c-be57-07ff55c689b7/resourceGroups/mindstack-rg/providers/Microsoft.Network/virtualNetworks/mindstack-vnet/subnets/mindstack-subnet",
            "ip_address_pool": [],
            "name": "mindstack-subnet",
            "private_endpoint_network_policies": "Disabled",
            "private_link_service_network_policies_enabled": true,
            "resource_group_name": "mindstack-rg",
            "service_endpoint_policy_ids": [],
            "service_endpoints": [],
            "sharing_scope": "",
            "timeouts": null,
            "virtual_network_name": "mindstack-vnet"
          },
          "sensitive_attributes": [],
          "identity_schema_version": 0,
          "identity": {
            "name": "mindstack-subnet",
            "resource_group_name": "mindstack-rg",
            "subscription_id": "e8508bdb-52ff-492c-be57-07ff55c689b7",
            "virtual_network_name": "mindstack-vnet"
          },
          "private": "eyJlMmJmYjczMC1lY2FhLTExZTYtOGY4OC0zNDM2M2JjN2M0YzAiOnsiY3JlYXRlIjoxODAwMDAwMDAwMDAwLCJkZWxldGUiOjE4MDAwMDAwMDAwMDAsInJlYWQiOjMwMDAwMDAwMDAwMCwidXBkYXRlIjoxODAwMDAwMDAwMDAwfX0=",
          "dependencies": [
            "azurerm_resource_group.rg",
            "azurerm_virtual_network.vnet"
          ]
        }
      ]
    },
    {
      "mode": "managed",
      "type": "azurerm_virtual_network",
      "name": "vnet",
      "provider": "provider[\"registry.terraform.io/hashicorp/azurerm\"]",
      "instances": [
        {
          "schema_version": 0,
          "attributes": {
            "address_space": [
              "10.20.0.0/16"
            ],
            "bgp_community": "",
            "ddos_protection_plan": [],
            "dns_servers": [],
            "edge_zone": "",
            "encryption": [],
            "flow_timeout_in_minutes": 0,
            "guid": "9ea5c131-84a5-4937-8270-6a975cf161f4",
            "id": "/subscriptions/e8508bdb-52ff-492c-be57-07ff55c689b7/resourceGroups/mindstack-rg/providers/Microsoft.Network/virtualNetworks/mindstack-vnet",
            "ip_address_pool": [],
            "location": "southeastasia",
            "name": "mindstack-vnet",
            "private_endpoint_vnet_policies": "Disabled",
            "resource_group_name": "mindstack-rg",
            "subnet": [
              {
                "address_prefixes": [
                  "10.20.1.0/24"
                ],
                "default_outbound_access_enabled": true,
                "delegation": [],
                "id": "/subscriptions/e8508bdb-52ff-492c-be57-07ff55c689b7/resourceGroups/mindstack-rg/providers/Microsoft.Network/virtualNetworks/mindstack-vnet/subnets/mindstack-subnet",
                "name": "mindstack-subnet",
                "private_endpoint_network_policies": "Disabled",
                "private_link_service_network_policies_enabled": true,
                "route_table_id": "",
                "security_group": "",
                "service_endpoint_policy_ids": [],
                "service_endpoints": []
              }
            ],
            "tags": {},
            "timeouts": null
          },
          "sensitive_attributes": [],
          "identity_schema_version": 0,
          "identity": {
            "name": "mindstack-vnet",
            "resource_group_name": "mindstack-rg",
            "subscription_id": "e8508bdb-52ff-492c-be57-07ff55c689b7"
          },
          "private": "eyJlMmJmYjczMC1lY2FhLTExZTYtOGY4OC0zNDM2M2JjN2M0YzAiOnsiY3JlYXRlIjoxODAwMDAwMDAwMDAwLCJkZWxldGUiOjE4MDAwMDAwMDAwMDAsInJlYWQiOjMwMDAwMDAwMDAwMCwidXBkYXRlIjoxODAwMDAwMDAwMDAwfX0=",
          "dependencies": [
            "azurerm_resource_group.rg"
          ]
        }
      ]
    }
  ],
  "check_results": [
    {
      "object_kind": "resource",
      "config_addr": "azurerm_linux_virtual_machine.vm",
      "status": "pass",
      "objects": [
        {
          "object_addr": "azurerm_linux_virtual_machine.vm",
          "status": "pass"
        }
      ]
    }
  ]
}
